// !$*UTF8*$!
{
	archiveVersion = 1;
	classes = {
	};
	objectVersion = 51;
	objects = {

/* Begin PBXBuildFile section */
		CE6D6B32D9CDE66AC30203E2 /* Pods_Fitness.framework in Frameworks */ = {isa = PBXBuildFile; fileRef = AE4C42335E1E186BEAE26697 /* Pods_Fitness.framework */; };
		FE105D5225479C1300BA1991 /* FitnessApp.swift in Sources */ = {isa = PBXBuildFile; fileRef = FE105D5125479C1300BA1991 /* FitnessApp.swift */; };
		FE105D5425479C1300BA1991 /* LandingView.swift in Sources */ = {isa = PBXBuildFile; fileRef = FE105D5325479C1300BA1991 /* LandingView.swift */; };
		FE105D5625479C1500BA1991 /* Assets.xcassets in Resources */ = {isa = PBXBuildFile; fileRef = FE105D5525479C1500BA1991 /* Assets.xcassets */; };
		FE105D5925479C1500BA1991 /* Preview Assets.xcassets in Resources */ = {isa = PBXBuildFile; fileRef = FE105D5825479C1500BA1991 /* Preview Assets.xcassets */; };
		FE2397442547BE65003368CB /* CreateView.swift in Sources */ = {isa = PBXBuildFile; fileRef = FE2397432547BE65003368CB /* CreateView.swift */; };
		FE2397472547CCFF003368CB /* DropdownView.swift in Sources */ = {isa = PBXBuildFile; fileRef = FE2397462547CCFF003368CB /* DropdownView.swift */; };
		FE2397502547D9BB003368CB /* CreateChallengeViewModel.swift in Sources */ = {isa = PBXBuildFile; fileRef = FE23974F2547D9BB003368CB /* CreateChallengeViewModel.swift */; };
		FE2397542547DA88003368CB /* DropdownItemProtocol.swift in Sources */ = {isa = PBXBuildFile; fileRef = FE2397532547DA88003368CB /* DropdownItemProtocol.swift */; };
		FE26A4A72547A0D7007A8954 /* PrimaryButtonStyle.swift in Sources */ = {isa = PBXBuildFile; fileRef = FE26A4A62547A0D7007A8954 /* PrimaryButtonStyle.swift */; };
		FE26A4AA2547A254007A8954 /* Color+Extension.swift in Sources */ = {isa = PBXBuildFile; fileRef = FE26A4A92547A254007A8954 /* Color+Extension.swift */; };
		FE4C04F925A2720200AF7110 /* SettingsView.swift in Sources */ = {isa = PBXBuildFile; fileRef = FE4C04F825A2720200AF7110 /* SettingsView.swift */; };
		FE4C04FC25A2726A00AF7110 /* SettingsViewModel.swift in Sources */ = {isa = PBXBuildFile; fileRef = FE4C04FB25A2726A00AF7110 /* SettingsViewModel.swift */; };
		FE4C04FF25A2727500AF7110 /* SettingsItemViewModel.swift in Sources */ = {isa = PBXBuildFile; fileRef = FE4C04FE25A2727500AF7110 /* SettingsItemViewModel.swift */; };
		FE4C050525A27D8900AF7110 /* LandingViewModel.swift in Sources */ = {isa = PBXBuildFile; fileRef = FE4C050425A27D8900AF7110 /* LandingViewModel.swift */; };
		FE4C050A25A27F8C00AF7110 /* LoginSignupView.swift in Sources */ = {isa = PBXBuildFile; fileRef = FE4C050925A27F8C00AF7110 /* LoginSignupView.swift */; };
		FE4C050E25A2800000AF7110 /* LoginSignupViewModel.swift in Sources */ = {isa = PBXBuildFile; fileRef = FE4C050D25A2800000AF7110 /* LoginSignupViewModel.swift */; };
		FE4C051125A2843A00AF7110 /* TextFieldCustomRoundedStyle.swift in Sources */ = {isa = PBXBuildFile; fileRef = FE4C051025A2843A00AF7110 /* TextFieldCustomRoundedStyle.swift */; };
		FE4C051425A2DFB400AF7110 /* ProgressCircleView.swift in Sources */ = {isa = PBXBuildFile; fileRef = FE4C051325A2DFB400AF7110 /* ProgressCircleView.swift */; };
		FE754C0025A246AA009B0ABB /* ChallengeItemViewModel.swift in Sources */ = {isa = PBXBuildFile; fileRef = FE754BFF25A246AA009B0ABB /* ChallengeItemViewModel.swift */; };
		FE82A021254CEF4B00DEC45E /* GoogleService-Info.plist in Resources */ = {isa = PBXBuildFile; fileRef = FE82A020254CEF4B00DEC45E /* GoogleService-Info.plist */; };
		FE919162254CF6BF00BCC176 /* UserServices.swift in Sources */ = {isa = PBXBuildFile; fileRef = FE919161254CF6BF00BCC176 /* UserServices.swift */; };
		FEA23924254D06D500501AAA /* Challenge.swift in Sources */ = {isa = PBXBuildFile; fileRef = FEA23923254D06D500501AAA /* Challenge.swift */; };
		FEA23928254D095200501AAA /* ChallengeService.swift in Sources */ = {isa = PBXBuildFile; fileRef = FEA23927254D095200501AAA /* ChallengeService.swift */; };
		FEA2392C254D351400501AAA /* IncrementError.swift in Sources */ = {isa = PBXBuildFile; fileRef = FEA2392B254D351400501AAA /* IncrementError.swift */; };
		FEA23930254DCBB200501AAA /* AuthPublishers.swift in Sources */ = {isa = PBXBuildFile; fileRef = FEA2392F254DCBB200501AAA /* AuthPublishers.swift */; };
		FEA23933254DD1E700501AAA /* TabContainerView.swift in Sources */ = {isa = PBXBuildFile; fileRef = FEA23932254DD1E700501AAA /* TabContainerView.swift */; };
		FEA23937254E800A00501AAA /* ChallengeListViewModel.swift in Sources */ = {isa = PBXBuildFile; fileRef = FEA23936254E800A00501AAA /* ChallengeListViewModel.swift */; };
		FEA2393A254E801A00501AAA /* ChallengeListView.swift in Sources */ = {isa = PBXBuildFile; fileRef = FEA23939254E801A00501AAA /* ChallengeListView.swift */; };
		FEA2393D254E81AE00501AAA /* QuerySnapshotPublisher.swift in Sources */ = {isa = PBXBuildFile; fileRef = FEA2393C254E81AE00501AAA /* QuerySnapshotPublisher.swift */; };
/* End PBXBuildFile section */

/* Begin PBXFileReference section */
		8D00EEA4C2CB6E963BE79132 /* Pods-Fitness.release.xcconfig */ = {isa = PBXFileReference; includeInIndex = 1; lastKnownFileType = text.xcconfig; name = "Pods-Fitness.release.xcconfig"; path = "Target Support Files/Pods-Fitness/Pods-Fitness.release.xcconfig"; sourceTree = "<group>"; };
		AE4C42335E1E186BEAE26697 /* Pods_Fitness.framework */ = {isa = PBXFileReference; explicitFileType = wrapper.framework; includeInIndex = 0; path = Pods_Fitness.framework; sourceTree = BUILT_PRODUCTS_DIR; };
		F8D44B05785808253F0DD9CA /* Pods-Fitness.debug.xcconfig */ = {isa = PBXFileReference; includeInIndex = 1; lastKnownFileType = text.xcconfig; name = "Pods-Fitness.debug.xcconfig"; path = "Target Support Files/Pods-Fitness/Pods-Fitness.debug.xcconfig"; sourceTree = "<group>"; };
		FE105D4E25479C1300BA1991 /* Fitness.app */ = {isa = PBXFileReference; explicitFileType = wrapper.application; includeInIndex = 0; path = Fitness.app; sourceTree = BUILT_PRODUCTS_DIR; };
		FE105D5125479C1300BA1991 /* FitnessApp.swift */ = {isa = PBXFileReference; lastKnownFileType = sourcecode.swift; path = FitnessApp.swift; sourceTree = "<group>"; };
		FE105D5325479C1300BA1991 /* LandingView.swift */ = {isa = PBXFileReference; lastKnownFileType = sourcecode.swift; path = LandingView.swift; sourceTree = "<group>"; };
		FE105D5525479C1500BA1991 /* Assets.xcassets */ = {isa = PBXFileReference; lastKnownFileType = folder.assetcatalog; path = Assets.xcassets; sourceTree = "<group>"; };
		FE105D5825479C1500BA1991 /* Preview Assets.xcassets */ = {isa = PBXFileReference; lastKnownFileType = folder.assetcatalog; path = "Preview Assets.xcassets"; sourceTree = "<group>"; };
		FE105D5A25479C1500BA1991 /* Info.plist */ = {isa = PBXFileReference; lastKnownFileType = text.plist.xml; path = Info.plist; sourceTree = "<group>"; };
		FE2397432547BE65003368CB /* CreateView.swift */ = {isa = PBXFileReference; lastKnownFileType = sourcecode.swift; path = CreateView.swift; sourceTree = "<group>"; };
		FE2397462547CCFF003368CB /* DropdownView.swift */ = {isa = PBXFileReference; lastKnownFileType = sourcecode.swift; path = DropdownView.swift; sourceTree = "<group>"; };
		FE23974F2547D9BB003368CB /* CreateChallengeViewModel.swift */ = {isa = PBXFileReference; lastKnownFileType = sourcecode.swift; path = CreateChallengeViewModel.swift; sourceTree = "<group>"; };
		FE2397532547DA88003368CB /* DropdownItemProtocol.swift */ = {isa = PBXFileReference; lastKnownFileType = sourcecode.swift; path = DropdownItemProtocol.swift; sourceTree = "<group>"; };
		FE26A4A62547A0D7007A8954 /* PrimaryButtonStyle.swift */ = {isa = PBXFileReference; lastKnownFileType = sourcecode.swift; path = PrimaryButtonStyle.swift; sourceTree = "<group>"; };
		FE26A4A92547A254007A8954 /* Color+Extension.swift */ = {isa = PBXFileReference; lastKnownFileType = sourcecode.swift; path = "Color+Extension.swift"; sourceTree = "<group>"; };
		FE4C04F825A2720200AF7110 /* SettingsView.swift */ = {isa = PBXFileReference; lastKnownFileType = sourcecode.swift; path = SettingsView.swift; sourceTree = "<group>"; };
		FE4C04FB25A2726A00AF7110 /* SettingsViewModel.swift */ = {isa = PBXFileReference; lastKnownFileType = sourcecode.swift; path = SettingsViewModel.swift; sourceTree = "<group>"; };
		FE4C04FE25A2727500AF7110 /* SettingsItemViewModel.swift */ = {isa = PBXFileReference; lastKnownFileType = sourcecode.swift; path = SettingsItemViewModel.swift; sourceTree = "<group>"; };
		FE4C050425A27D8900AF7110 /* LandingViewModel.swift */ = {isa = PBXFileReference; lastKnownFileType = sourcecode.swift; path = LandingViewModel.swift; sourceTree = "<group>"; };
		FE4C050925A27F8C00AF7110 /* LoginSignupView.swift */ = {isa = PBXFileReference; lastKnownFileType = sourcecode.swift; path = LoginSignupView.swift; sourceTree = "<group>"; };
		FE4C050D25A2800000AF7110 /* LoginSignupViewModel.swift */ = {isa = PBXFileReference; lastKnownFileType = sourcecode.swift; path = LoginSignupViewModel.swift; sourceTree = "<group>"; };
		FE4C051025A2843A00AF7110 /* TextFieldCustomRoundedStyle.swift */ = {isa = PBXFileReference; lastKnownFileType = sourcecode.swift; path = TextFieldCustomRoundedStyle.swift; sourceTree = "<group>"; };
		FE4C051325A2DFB400AF7110 /* ProgressCircleView.swift */ = {isa = PBXFileReference; lastKnownFileType = sourcecode.swift; path = ProgressCircleView.swift; sourceTree = "<group>"; };
		FE754BFF25A246AA009B0ABB /* ChallengeItemViewModel.swift */ = {isa = PBXFileReference; lastKnownFileType = sourcecode.swift; path = ChallengeItemViewModel.swift; sourceTree = "<group>"; };
		FE82A020254CEF4B00DEC45E /* GoogleService-Info.plist */ = {isa = PBXFileReference; fileEncoding = 4; lastKnownFileType = text.plist.xml; path = "GoogleService-Info.plist"; sourceTree = "<group>"; };
		FE919161254CF6BF00BCC176 /* UserServices.swift */ = {isa = PBXFileReference; lastKnownFileType = sourcecode.swift; path = UserServices.swift; sourceTree = "<group>"; };
		FEA23923254D06D500501AAA /* Challenge.swift */ = {isa = PBXFileReference; lastKnownFileType = sourcecode.swift; path = Challenge.swift; sourceTree = "<group>"; };
		FEA23927254D095200501AAA /* ChallengeService.swift */ = {isa = PBXFileReference; lastKnownFileType = sourcecode.swift; path = ChallengeService.swift; sourceTree = "<group>"; };
		FEA2392B254D351400501AAA /* IncrementError.swift */ = {isa = PBXFileReference; lastKnownFileType = sourcecode.swift; path = IncrementError.swift; sourceTree = "<group>"; };
		FEA2392F254DCBB200501AAA /* AuthPublishers.swift */ = {isa = PBXFileReference; lastKnownFileType = sourcecode.swift; path = AuthPublishers.swift; sourceTree = "<group>"; };
		FEA23932254DD1E700501AAA /* TabContainerView.swift */ = {isa = PBXFileReference; lastKnownFileType = sourcecode.swift; path = TabContainerView.swift; sourceTree = "<group>"; };
		FEA23936254E800A00501AAA /* ChallengeListViewModel.swift */ = {isa = PBXFileReference; lastKnownFileType = sourcecode.swift; path = ChallengeListViewModel.swift; sourceTree = "<group>"; };
		FEA23939254E801A00501AAA /* ChallengeListView.swift */ = {isa = PBXFileReference; lastKnownFileType = sourcecode.swift; path = ChallengeListView.swift; sourceTree = "<group>"; };
		FEA2393C254E81AE00501AAA /* QuerySnapshotPublisher.swift */ = {isa = PBXFileReference; lastKnownFileType = sourcecode.swift; path = QuerySnapshotPublisher.swift; sourceTree = "<group>"; };
/* End PBXFileReference section */

/* Begin PBXFrameworksBuildPhase section */
		FE105D4B25479C1300BA1991 /* Frameworks */ = {
			isa = PBXFrameworksBuildPhase;
			buildActionMask = 2147483647;
			files = (
				CE6D6B32D9CDE66AC30203E2 /* Pods_Fitness.framework in Frameworks */,
			);
			runOnlyForDeploymentPostprocessing = 0;
		};
/* End PBXFrameworksBuildPhase section */

/* Begin PBXGroup section */
		103042A370826D23BE66C447 /* Frameworks */ = {
			isa = PBXGroup;
			children = (
				AE4C42335E1E186BEAE26697 /* Pods_Fitness.framework */,
			);
			name = Frameworks;
			sourceTree = "<group>";
		};
		84BE347A7153FD4542622975 /* Pods */ = {
			isa = PBXGroup;
			children = (
				F8D44B05785808253F0DD9CA /* Pods-Fitness.debug.xcconfig */,
				8D00EEA4C2CB6E963BE79132 /* Pods-Fitness.release.xcconfig */,
			);
			path = Pods;
			sourceTree = "<group>";
		};
		FE105D4525479C1300BA1991 = {
			isa = PBXGroup;
			children = (
				FE105D5025479C1300BA1991 /* Fitness */,
				FE105D4F25479C1300BA1991 /* Products */,
				84BE347A7153FD4542622975 /* Pods */,
				103042A370826D23BE66C447 /* Frameworks */,
			);
			sourceTree = "<group>";
		};
		FE105D4F25479C1300BA1991 /* Products */ = {
			isa = PBXGroup;
			children = (
				FE105D4E25479C1300BA1991 /* Fitness.app */,
			);
			name = Products;
			sourceTree = "<group>";
		};
		FE105D5025479C1300BA1991 /* Fitness */ = {
			isa = PBXGroup;
			children = (
				FEA2392E254DCB7300501AAA /* Publishers */,
				FE919160254CF6AF00BCC176 /* Services */,
				FE105D5125479C1300BA1991 /* FitnessApp.swift */,
				FE919165254D041900BCC176 /* Models */,
				FE919167254D043D00BCC176 /* Views */,
				FE23974E2547D9AA003368CB /* ViewModels */,
				FE105D5525479C1500BA1991 /* Assets.xcassets */,
				FE105D5A25479C1500BA1991 /* Info.plist */,
				FE82A020254CEF4B00DEC45E /* GoogleService-Info.plist */,
				FEA2392A254D34FF00501AAA /* Errors */,
				FE26A4AD2547A8B8007A8954 /* Extensions */,
				FE105D5725479C1500BA1991 /* Preview Content */,
			);
			path = Fitness;
			sourceTree = "<group>";
		};
		FE105D5725479C1500BA1991 /* Preview Content */ = {
			isa = PBXGroup;
			children = (
				FE105D5825479C1500BA1991 /* Preview Assets.xcassets */,
			);
			path = "Preview Content";
			sourceTree = "<group>";
		};
		FE23974E2547D9AA003368CB /* ViewModels */ = {
			isa = PBXGroup;
			children = (
				FE4C050425A27D8900AF7110 /* LandingViewModel.swift */,
				FE4C050D25A2800000AF7110 /* LoginSignupViewModel.swift */,
				FE23974F2547D9BB003368CB /* CreateChallengeViewModel.swift */,
				FEA23936254E800A00501AAA /* ChallengeListViewModel.swift */,
				FE754BFF25A246AA009B0ABB /* ChallengeItemViewModel.swift */,
				FE4C04FB25A2726A00AF7110 /* SettingsViewModel.swift */,
				FE4C04FE25A2727500AF7110 /* SettingsItemViewModel.swift */,
			);
			path = ViewModels;
			sourceTree = "<group>";
		};
		FE26A4AC2547A8AD007A8954 /* Components */ = {
			isa = PBXGroup;
			children = (
				FE2397532547DA88003368CB /* DropdownItemProtocol.swift */,
				FE2397462547CCFF003368CB /* DropdownView.swift */,
				FE26A4A62547A0D7007A8954 /* PrimaryButtonStyle.swift */,
				FE4C051025A2843A00AF7110 /* TextFieldCustomRoundedStyle.swift */,
				FE4C051325A2DFB400AF7110 /* ProgressCircleView.swift */,
			);
			path = Components;
			sourceTree = "<group>";
		};
		FE26A4AD2547A8B8007A8954 /* Extensions */ = {
			isa = PBXGroup;
			children = (
				FE26A4A92547A254007A8954 /* Color+Extension.swift */,
			);
			path = Extensions;
			sourceTree = "<group>";
		};
		FE919160254CF6AF00BCC176 /* Services */ = {
			isa = PBXGroup;
			children = (
				FE919161254CF6BF00BCC176 /* UserServices.swift */,
				FEA23927254D095200501AAA /* ChallengeService.swift */,
			);
			path = Services;
			sourceTree = "<group>";
		};
		FE919165254D041900BCC176 /* Models */ = {
			isa = PBXGroup;
			children = (
				FEA23923254D06D500501AAA /* Challenge.swift */,
			);
			path = Models;
			sourceTree = "<group>";
		};
		FE919167254D043D00BCC176 /* Views */ = {
			isa = PBXGroup;
			children = (
				FE105D5325479C1300BA1991 /* LandingView.swift */,
				FE4C050925A27F8C00AF7110 /* LoginSignupView.swift */,
				FE2397432547BE65003368CB /* CreateView.swift */,
				FEA23932254DD1E700501AAA /* TabContainerView.swift */,
				FEA23939254E801A00501AAA /* ChallengeListView.swift */,
				FE4C04F825A2720200AF7110 /* SettingsView.swift */,
				FE26A4AC2547A8AD007A8954 /* Components */,
			);
			path = Views;
			sourceTree = "<group>";
		};
		FEA2392A254D34FF00501AAA /* Errors */ = {
			isa = PBXGroup;
			children = (
				FEA2392B254D351400501AAA /* IncrementError.swift */,
			);
			path = Errors;
			sourceTree = "<group>";
		};
		FEA2392E254DCB7300501AAA /* Publishers */ = {
			isa = PBXGroup;
			children = (
				FEA2392F254DCBB200501AAA /* AuthPublishers.swift */,
				FEA2393C254E81AE00501AAA /* QuerySnapshotPublisher.swift */,
			);
			path = Publishers;
			sourceTree = "<group>";
		};
/* End PBXGroup section */

/* Begin PBXNativeTarget section */
		FE105D4D25479C1300BA1991 /* Fitness */ = {
			isa = PBXNativeTarget;
			buildConfigurationList = FE105D5D25479C1500BA1991 /* Build configuration list for PBXNativeTarget "Fitness" */;
			buildPhases = (
				60FE0BBC13DCF1317BDDD2DB /* [CP] Check Pods Manifest.lock */,
				FE105D4A25479C1300BA1991 /* Sources */,
				FE105D4B25479C1300BA1991 /* Frameworks */,
				FE105D4C25479C1300BA1991 /* Resources */,
				23D05A771B5E93D5B0F16134 /* [CP] Embed Pods Frameworks */,
			);
			buildRules = (
			);
			dependencies = (
			);
			name = Fitness;
			productName = Fitness;
			productReference = FE105D4E25479C1300BA1991 /* Fitness.app */;
			productType = "com.apple.product-type.application";
		};
/* End PBXNativeTarget section */

/* Begin PBXProject section */
		FE105D4625479C1300BA1991 /* Project object */ = {
			isa = PBXProject;
			attributes = {
				LastSwiftUpdateCheck = 1210;
				LastUpgradeCheck = 1210;
				TargetAttributes = {
					FE105D4D25479C1300BA1991 = {
						CreatedOnToolsVersion = 12.1;
					};
				};
			};
			buildConfigurationList = FE105D4925479C1300BA1991 /* Build configuration list for PBXProject "Fitness" */;
			compatibilityVersion = "Xcode 9.3";
			developmentRegion = en;
			hasScannedForEncodings = 0;
			knownRegions = (
				en,
				Base,
			);
			mainGroup = FE105D4525479C1300BA1991;
			productRefGroup = FE105D4F25479C1300BA1991 /* Products */;
			projectDirPath = "";
			projectRoot = "";
			targets = (
				FE105D4D25479C1300BA1991 /* Fitness */,
			);
		};
/* End PBXProject section */

/* Begin PBXResourcesBuildPhase section */
		FE105D4C25479C1300BA1991 /* Resources */ = {
			isa = PBXResourcesBuildPhase;
			buildActionMask = 2147483647;
			files = (
				FE105D5925479C1500BA1991 /* Preview Assets.xcassets in Resources */,
				FE105D5625479C1500BA1991 /* Assets.xcassets in Resources */,
				FE82A021254CEF4B00DEC45E /* GoogleService-Info.plist in Resources */,
			);
			runOnlyForDeploymentPostprocessing = 0;
		};
/* End PBXResourcesBuildPhase section */

/* Begin PBXShellScriptBuildPhase section */
		23D05A771B5E93D5B0F16134 /* [CP] Embed Pods Frameworks */ = {
			isa = PBXShellScriptBuildPhase;
			buildActionMask = 2147483647;
			files = (
			);
			inputFileListPaths = (
				"${PODS_ROOT}/Target Support Files/Pods-Fitness/Pods-Fitness-frameworks-${CONFIGURATION}-input-files.xcfilelist",
			);
			name = "[CP] Embed Pods Frameworks";
			outputFileListPaths = (
				"${PODS_ROOT}/Target Support Files/Pods-Fitness/Pods-Fitness-frameworks-${CONFIGURATION}-output-files.xcfilelist",
			);
			runOnlyForDeploymentPostprocessing = 0;
			shellPath = /bin/sh;
			shellScript = "\"${PODS_ROOT}/Target Support Files/Pods-Fitness/Pods-Fitness-frameworks.sh\"\n";
			showEnvVarsInLog = 0;
		};
		60FE0BBC13DCF1317BDDD2DB /* [CP] Check Pods Manifest.lock */ = {
			isa = PBXShellScriptBuildPhase;
			buildActionMask = 2147483647;
			files = (
			);
			inputFileListPaths = (
			);
			inputPaths = (
				"${PODS_PODFILE_DIR_PATH}/Podfile.lock",
				"${PODS_ROOT}/Manifest.lock",
			);
			name = "[CP] Check Pods Manifest.lock";
			outputFileListPaths = (
			);
			outputPaths = (
				"$(DERIVED_FILE_DIR)/Pods-Fitness-checkManifestLockResult.txt",
			);
			runOnlyForDeploymentPostprocessing = 0;
			shellPath = /bin/sh;
			shellScript = "diff \"${PODS_PODFILE_DIR_PATH}/Podfile.lock\" \"${PODS_ROOT}/Manifest.lock\" > /dev/null\nif [ $? != 0 ] ; then\n    # print error to STDERR\n    echo \"error: The sandbox is not in sync with the Podfile.lock. Run 'pod install' or update your CocoaPods installation.\" >&2\n    exit 1\nfi\n# This output is used by Xcode 'outputs' to avoid re-running this script phase.\necho \"SUCCESS\" > \"${SCRIPT_OUTPUT_FILE_0}\"\n";
			showEnvVarsInLog = 0;
		};
/* End PBXShellScriptBuildPhase section */

/* Begin PBXSourcesBuildPhase section */
		FE105D4A25479C1300BA1991 /* Sources */ = {
			isa = PBXSourcesBuildPhase;
			buildActionMask = 2147483647;
			files = (
				FE4C050E25A2800000AF7110 /* LoginSignupViewModel.swift in Sources */,
				FEA23933254DD1E700501AAA /* TabContainerView.swift in Sources */,
				FEA23930254DCBB200501AAA /* AuthPublishers.swift in Sources */,
				FE2397502547D9BB003368CB /* CreateChallengeViewModel.swift in Sources */,
				FEA2393D254E81AE00501AAA /* QuerySnapshotPublisher.swift in Sources */,
				FE26A4A72547A0D7007A8954 /* PrimaryButtonStyle.swift in Sources */,
				FE919162254CF6BF00BCC176 /* UserServices.swift in Sources */,
				FE4C050525A27D8900AF7110 /* LandingViewModel.swift in Sources */,
				FE105D5425479C1300BA1991 /* LandingView.swift in Sources */,
				FE4C050A25A27F8C00AF7110 /* LoginSignupView.swift in Sources */,
				FEA23937254E800A00501AAA /* ChallengeListViewModel.swift in Sources */,
				FE2397542547DA88003368CB /* DropdownItemProtocol.swift in Sources */,
				FE105D5225479C1300BA1991 /* FitnessApp.swift in Sources */,
				FE4C051125A2843A00AF7110 /* TextFieldCustomRoundedStyle.swift in Sources */,
				FE26A4AA2547A254007A8954 /* Color+Extension.swift in Sources */,
				FE2397442547BE65003368CB /* CreateView.swift in Sources */,
				FEA23928254D095200501AAA /* ChallengeService.swift in Sources */,
				FEA2393A254E801A00501AAA /* ChallengeListView.swift in Sources */,
				FE2397472547CCFF003368CB /* DropdownView.swift in Sources */,
				FE4C04FC25A2726A00AF7110 /* SettingsViewModel.swift in Sources */,
				FE754C0025A246AA009B0ABB /* ChallengeItemViewModel.swift in Sources */,
				FE4C04FF25A2727500AF7110 /* SettingsItemViewModel.swift in Sources */,
				FEA23924254D06D500501AAA /* Challenge.swift in Sources */,
				FE4C051425A2DFB400AF7110 /* ProgressCircleView.swift in Sources */,
				FEA2392C254D351400501AAA /* IncrementError.swift in Sources */,
				FE4C04F925A2720200AF7110 /* SettingsView.swift in Sources */,
			);
			runOnlyForDeploymentPostprocessing = 0;
		};
/* End PBXSourcesBuildPhase section */

/* Begin XCBuildConfiguration section */
		FE105D5B25479C1500BA1991 /* Debug */ = {
			isa = XCBuildConfiguration;
			buildSettings = {
				ALWAYS_SEARCH_USER_PATHS = NO;
				CLANG_ANALYZER_NONNULL = YES;
				CLANG_ANALYZER_NUMBER_OBJECT_CONVERSION = YES_AGGRESSIVE;
				CLANG_CXX_LANGUAGE_STANDARD = "gnu++14";
				CLANG_CXX_LIBRARY = "libc++";
				CLANG_ENABLE_MODULES = YES;
				CLANG_ENABLE_OBJC_ARC = YES;
				CLANG_ENABLE_OBJC_WEAK = YES;
				CLANG_WARN_BLOCK_CAPTURE_AUTORELEASING = YES;
				CLANG_WARN_BOOL_CONVERSION = YES;
				CLANG_WARN_COMMA = YES;
				CLANG_WARN_CONSTANT_CONVERSION = YES;
				CLANG_WARN_DEPRECATED_OBJC_IMPLEMENTATIONS = YES;
				CLANG_WARN_DIRECT_OBJC_ISA_USAGE = YES_ERROR;
				CLANG_WARN_DOCUMENTATION_COMMENTS = YES;
				CLANG_WARN_EMPTY_BODY = YES;
				CLANG_WARN_ENUM_CONVERSION = YES;
				CLANG_WARN_INFINITE_RECURSION = YES;
				CLANG_WARN_INT_CONVERSION = YES;
				CLANG_WARN_NON_LITERAL_NULL_CONVERSION = YES;
				CLANG_WARN_OBJC_IMPLICIT_RETAIN_SELF = YES;
				CLANG_WARN_OBJC_LITERAL_CONVERSION = YES;
				CLANG_WARN_OBJC_ROOT_CLASS = YES_ERROR;
				CLANG_WARN_QUOTED_INCLUDE_IN_FRAMEWORK_HEADER = YES;
				CLANG_WARN_RANGE_LOOP_ANALYSIS = YES;
				CLANG_WARN_STRICT_PROTOTYPES = YES;
				CLANG_WARN_SUSPICIOUS_MOVE = YES;
				CLANG_WARN_UNGUARDED_AVAILABILITY = YES_AGGRESSIVE;
				CLANG_WARN_UNREACHABLE_CODE = YES;
				CLANG_WARN__DUPLICATE_METHOD_MATCH = YES;
				COPY_PHASE_STRIP = NO;
				DEBUG_INFORMATION_FORMAT = dwarf;
				ENABLE_STRICT_OBJC_MSGSEND = YES;
				ENABLE_TESTABILITY = YES;
				GCC_C_LANGUAGE_STANDARD = gnu11;
				GCC_DYNAMIC_NO_PIC = NO;
				GCC_NO_COMMON_BLOCKS = YES;
				GCC_OPTIMIZATION_LEVEL = 0;
				GCC_PREPROCESSOR_DEFINITIONS = (
					"DEBUG=1",
					"$(inherited)",
				);
				GCC_WARN_64_TO_32_BIT_CONVERSION = YES;
				GCC_WARN_ABOUT_RETURN_TYPE = YES_ERROR;
				GCC_WARN_UNDECLARED_SELECTOR = YES;
				GCC_WARN_UNINITIALIZED_AUTOS = YES_AGGRESSIVE;
				GCC_WARN_UNUSED_FUNCTION = YES;
				GCC_WARN_UNUSED_VARIABLE = YES;
				IPHONEOS_DEPLOYMENT_TARGET = 14.1;
				MTL_ENABLE_DEBUG_INFO = INCLUDE_SOURCE;
				MTL_FAST_MATH = YES;
				ONLY_ACTIVE_ARCH = YES;
				SDKROOT = iphoneos;
				SWIFT_ACTIVE_COMPILATION_CONDITIONS = DEBUG;
				SWIFT_OPTIMIZATION_LEVEL = "-Onone";
			};
			name = Debug;
		};
		FE105D5C25479C1500BA1991 /* Release */ = {
			isa = XCBuildConfiguration;
			buildSettings = {
				ALWAYS_SEARCH_USER_PATHS = NO;
				CLANG_ANALYZER_NONNULL = YES;
				CLANG_ANALYZER_NUMBER_OBJECT_CONVERSION = YES_AGGRESSIVE;
				CLANG_CXX_LANGUAGE_STANDARD = "gnu++14";
				CLANG_CXX_LIBRARY = "libc++";
				CLANG_ENABLE_MODULES = YES;
				CLANG_ENABLE_OBJC_ARC = YES;
				CLANG_ENABLE_OBJC_WEAK = YES;
				CLANG_WARN_BLOCK_CAPTURE_AUTORELEASING = YES;
				CLANG_WARN_BOOL_CONVERSION = YES;
				CLANG_WARN_COMMA = YES;
				CLANG_WARN_CONSTANT_CONVERSION = YES;
				CLANG_WARN_DEPRECATED_OBJC_IMPLEMENTATIONS = YES;
				CLANG_WARN_DIRECT_OBJC_ISA_USAGE = YES_ERROR;
				CLANG_WARN_DOCUMENTATION_COMMENTS = YES;
				CLANG_WARN_EMPTY_BODY = YES;
				CLANG_WARN_ENUM_CONVERSION = YES;
				CLANG_WARN_INFINITE_RECURSION = YES;
				CLANG_WARN_INT_CONVERSION = YES;
				CLANG_WARN_NON_LITERAL_NULL_CONVERSION = YES;
				CLANG_WARN_OBJC_IMPLICIT_RETAIN_SELF = YES;
				CLANG_WARN_OBJC_LITERAL_CONVERSION = YES;
				CLANG_WARN_OBJC_ROOT_CLASS = YES_ERROR;
				CLANG_WARN_QUOTED_INCLUDE_IN_FRAMEWORK_HEADER = YES;
				CLANG_WARN_RANGE_LOOP_ANALYSIS = YES;
				CLANG_WARN_STRICT_PROTOTYPES = YES;
				CLANG_WARN_SUSPICIOUS_MOVE = YES;
				CLANG_WARN_UNGUARDED_AVAILABILITY = YES_AGGRESSIVE;
				CLANG_WARN_UNREACHABLE_CODE = YES;
				CLANG_WARN__DUPLICATE_METHOD_MATCH = YES;
				COPY_PHASE_STRIP = NO;
				DEBUG_INFORMATION_FORMAT = "dwarf-with-dsym";
				ENABLE_NS_ASSERTIONS = NO;
				ENABLE_STRICT_OBJC_MSGSEND = YES;
				GCC_C_LANGUAGE_STANDARD = gnu11;
				GCC_NO_COMMON_BLOCKS = YES;
				GCC_WARN_64_TO_32_BIT_CONVERSION = YES;
				GCC_WARN_ABOUT_RETURN_TYPE = YES_ERROR;
				GCC_WARN_UNDECLARED_SELECTOR = YES;
				GCC_WARN_UNINITIALIZED_AUTOS = YES_AGGRESSIVE;
				GCC_WARN_UNUSED_FUNCTION = YES;
				GCC_WARN_UNUSED_VARIABLE = YES;
				IPHONEOS_DEPLOYMENT_TARGET = 14.1;
				MTL_ENABLE_DEBUG_INFO = NO;
				MTL_FAST_MATH = YES;
				SDKROOT = iphoneos;
				SWIFT_COMPILATION_MODE = wholemodule;
				SWIFT_OPTIMIZATION_LEVEL = "-O";
				VALIDATE_PRODUCT = YES;
			};
			name = Release;
		};
		FE105D5E25479C1500BA1991 /* Debug */ = {
			isa = XCBuildConfiguration;
			baseConfigurationReference = F8D44B05785808253F0DD9CA /* Pods-Fitness.debug.xcconfig */;
			buildSettings = {
				ASSETCATALOG_COMPILER_APPICON_NAME = AppIcon;
				ASSETCATALOG_COMPILER_GLOBAL_ACCENT_COLOR_NAME = AccentColor;
				CODE_SIGN_STYLE = Automatic;
				DEVELOPMENT_ASSET_PATHS = "\"Fitness/Preview Content\"";
				DEVELOPMENT_TEAM = NJVB322UA6;
				ENABLE_PREVIEWS = YES;
				EXCLUDED_ARCHS = arm64;
				INFOPLIST_FILE = Fitness/Info.plist;
				IPHONEOS_DEPLOYMENT_TARGET = 14.0;
				LD_RUNPATH_SEARCH_PATHS = (
					"$(inherited)",
					"@executable_path/Frameworks",
				);
				PRODUCT_BUNDLE_IDENTIFIER = com.prashuk.Fitness;
				PRODUCT_NAME = "$(TARGET_NAME)";
				SWIFT_VERSION = 5.0;
				TARGETED_DEVICE_FAMILY = "1,2";
			};
			name = Debug;
		};
		FE105D5F25479C1500BA1991 /* Release */ = {
			isa = XCBuildConfiguration;
			baseConfigurationReference = 8D00EEA4C2CB6E963BE79132 /* Pods-Fitness.release.xcconfig */;
			buildSettings = {
				ASSETCATALOG_COMPILER_APPICON_NAME = AppIcon;
				ASSETCATALOG_COMPILER_GLOBAL_ACCENT_COLOR_NAME = AccentColor;
				CODE_SIGN_STYLE = Automatic;
				DEVELOPMENT_ASSET_PATHS = "\"Fitness/Preview Content\"";
				DEVELOPMENT_TEAM = NJVB322UA6;
				ENABLE_PREVIEWS = YES;
				INFOPLIST_FILE = Fitness/Info.plist;
				IPHONEOS_DEPLOYMENT_TARGET = 14.0;
				LD_RUNPATH_SEARCH_PATHS = (
					"$(inherited)",
					"@executable_path/Frameworks",
				);
				PRODUCT_BUNDLE_IDENTIFIER = com.prashuk.Fitness;
				PRODUCT_NAME = "$(TARGET_NAME)";
				SWIFT_VERSION = 5.0;
				TARGETED_DEVICE_FAMILY = "1,2";
			};
			name = Release;
		};
/* End XCBuildConfiguration section */

/* Begin XCConfigurationList section */
		FE105D4925479C1300BA1991 /* Build configuration list for PBXProject "Fitness" */ = {
			isa = XCConfigurationList;
			buildConfigurations = (
				FE105D5B25479C1500BA1991 /* Debug */,
				FE105D5C25479C1500BA1991 /* Release */,
			);
			defaultConfigurationIsVisible = 0;
			defaultConfigurationName = Release;
		};
		FE105D5D25479C1500BA1991 /* Build configuration list for PBXNativeTarget "Fitness" */ = {
			isa = XCConfigurationList;
			buildConfigurations = (
				FE105D5E25479C1500BA1991 /* Debug */,
				FE105D5F25479C1500BA1991 /* Release */,
			);
			defaultConfigurationIsVisible = 0;
			defaultConfigurationName = Release;
		};
/* End XCConfigurationList section */
	};
	rootObject = FE105D4625479C1300BA1991 /* Project object */;
}
